// !$*UTF8*$!
{
	archiveVersion = 1;
	classes = {
	};
	objectVersion = 46;
	objects = {

/* Begin PBXBuildFile section */
		8EDCC4291900020600B911AD /* Foundation.framework in Frameworks */ = {isa = PBXBuildFile; fileRef = 8EDCC4281900020600B911AD /* Foundation.framework */; };
		8EDCC42B1900020600B911AD /* CoreGraphics.framework in Frameworks */ = {isa = PBXBuildFile; fileRef = 8EDCC42A1900020600B911AD /* CoreGraphics.framework */; };
		8EDCC42D1900020600B911AD /* UIKit.framework in Frameworks */ = {isa = PBXBuildFile; fileRef = 8EDCC42C1900020600B911AD /* UIKit.framework */; };
		8EDCC4331900020600B911AD /* InfoPlist.strings in Resources */ = {isa = PBXBuildFile; fileRef = 8EDCC4311900020600B911AD /* InfoPlist.strings */; };
		8EDCC4351900020600B911AD /* main.m in Sources */ = {isa = PBXBuildFile; fileRef = 8EDCC4341900020600B911AD /* main.m */; };
		8EDCC4391900020600B911AD /* playerControllerUdpAppDelegate.m in Sources */ = {isa = PBXBuildFile; fileRef = 8EDCC4381900020600B911AD /* playerControllerUdpAppDelegate.m */; };
		8EDCC43C1900020600B911AD /* Main_iPhone.storyboard in Resources */ = {isa = PBXBuildFile; fileRef = 8EDCC43A1900020600B911AD /* Main_iPhone.storyboard */; };
		8EDCC43F1900020600B911AD /* Main_iPad.storyboard in Resources */ = {isa = PBXBuildFile; fileRef = 8EDCC43D1900020600B911AD /* Main_iPad.storyboard */; };
		8EDCC4421900020600B911AD /* playerControllerUdpViewController.m in Sources */ = {isa = PBXBuildFile; fileRef = 8EDCC4411900020600B911AD /* playerControllerUdpViewController.m */; };
		8EDCC4441900020600B911AD /* Images.xcassets in Resources */ = {isa = PBXBuildFile; fileRef = 8EDCC4431900020600B911AD /* Images.xcassets */; };
		8EDCC44B1900020600B911AD /* XCTest.framework in Frameworks */ = {isa = PBXBuildFile; fileRef = 8EDCC44A1900020600B911AD /* XCTest.framework */; };
		8EDCC44C1900020600B911AD /* Foundation.framework in Frameworks */ = {isa = PBXBuildFile; fileRef = 8EDCC4281900020600B911AD /* Foundation.framework */; };
		8EDCC44D1900020600B911AD /* UIKit.framework in Frameworks */ = {isa = PBXBuildFile; fileRef = 8EDCC42C1900020600B911AD /* UIKit.framework */; };
		8EDCC4551900020600B911AD /* InfoPlist.strings in Resources */ = {isa = PBXBuildFile; fileRef = 8EDCC4531900020600B911AD /* InfoPlist.strings */; };
		8EDCC4571900020600B911AD /* playerControllerUdpTests.m in Sources */ = {isa = PBXBuildFile; fileRef = 8EDCC4561900020600B911AD /* playerControllerUdpTests.m */; };
		8EDCC48D1900032F00B911AD /* DDAbstractDatabaseLogger.m in Sources */ = {isa = PBXBuildFile; fileRef = 8EDCC4631900032F00B911AD /* DDAbstractDatabaseLogger.m */; };
		8EDCC48E1900032F00B911AD /* DDASLLogger.m in Sources */ = {isa = PBXBuildFile; fileRef = 8EDCC4651900032F00B911AD /* DDASLLogger.m */; };
		8EDCC48F1900032F00B911AD /* DDFileLogger.m in Sources */ = {isa = PBXBuildFile; fileRef = 8EDCC4671900032F00B911AD /* DDFileLogger.m */; };
		8EDCC4901900032F00B911AD /* DDLog.m in Sources */ = {isa = PBXBuildFile; fileRef = 8EDCC46A1900032F00B911AD /* DDLog.m */; };
		8EDCC4911900032F00B911AD /* DDTTYLogger.m in Sources */ = {isa = PBXBuildFile; fileRef = 8EDCC46C1900032F00B911AD /* DDTTYLogger.m */; };
		8EDCC4921900032F00B911AD /* DDContextFilterLogFormatter.m in Sources */ = {isa = PBXBuildFile; fileRef = 8EDCC46F1900032F00B911AD /* DDContextFilterLogFormatter.m */; };
		8EDCC4931900032F00B911AD /* DDDispatchQueueLogFormatter.m in Sources */ = {isa = PBXBuildFile; fileRef = 8EDCC4711900032F00B911AD /* DDDispatchQueueLogFormatter.m */; };
		8EDCC4941900032F00B911AD /* DDMultiFormatter.m in Sources */ = {isa = PBXBuildFile; fileRef = 8EDCC4731900032F00B911AD /* DDMultiFormatter.m */; };
		8EDCC4951900032F00B911AD /* README.txt in Resources */ = {isa = PBXBuildFile; fileRef = 8EDCC4741900032F00B911AD /* README.txt */; };
		8EDCC4961900032F00B911AD /* GCDAsyncUdpSocket.m in Sources */ = {isa = PBXBuildFile; fileRef = 8EDCC4761900032F00B911AD /* GCDAsyncUdpSocket.m */; };
		8EDCC4971900032F00B911AD /* bg1.png in Resources */ = {isa = PBXBuildFile; fileRef = 8EDCC4791900032F00B911AD /* bg1.png */; };
		8EDCC4981900032F00B911AD /* bgIpad0.jpg in Resources */ = {isa = PBXBuildFile; fileRef = 8EDCC47A1900032F00B911AD /* bgIpad0.jpg */; };
		8EDCC4991900032F00B911AD /* bgIpad1.jpg in Resources */ = {isa = PBXBuildFile; fileRef = 8EDCC47B1900032F00B911AD /* bgIpad1.jpg */; };
		8EDCC49A1900032F00B911AD /* icon.png in Resources */ = {isa = PBXBuildFile; fileRef = 8EDCC47C1900032F00B911AD /* icon.png */; };
		8EDCC49B1900032F00B911AD /* noTouchAdd.png in Resources */ = {isa = PBXBuildFile; fileRef = 8EDCC47D1900032F00B911AD /* noTouchAdd.png */; };
		8EDCC49C1900032F00B911AD /* noTouchMult.png in Resources */ = {isa = PBXBuildFile; fileRef = 8EDCC47E1900032F00B911AD /* noTouchMult.png */; };
		8EDCC49D1900032F00B911AD /* noTouchMute.png in Resources */ = {isa = PBXBuildFile; fileRef = 8EDCC47F1900032F00B911AD /* noTouchMute.png */; };
		8EDCC49E1900032F00B911AD /* noTouchPlay.png in Resources */ = {isa = PBXBuildFile; fileRef = 8EDCC4801900032F00B911AD /* noTouchPlay.png */; };
		8EDCC49F1900032F00B911AD /* noTouchStop.png in Resources */ = {isa = PBXBuildFile; fileRef = 8EDCC4811900032F00B911AD /* noTouchStop.png */; };
		8EDCC4A01900032F00B911AD /* yesTouchAdd.png in Resources */ = {isa = PBXBuildFile; fileRef = 8EDCC4821900032F00B911AD /* yesTouchAdd.png */; };
		8EDCC4A11900032F00B911AD /* yesTouchMult.png in Resources */ = {isa = PBXBuildFile; fileRef = 8EDCC4831900032F00B911AD /* yesTouchMult.png */; };
		8EDCC4A21900032F00B911AD /* yesTouchMute.png in Resources */ = {isa = PBXBuildFile; fileRef = 8EDCC4841900032F00B911AD /* yesTouchMute.png */; };
		8EDCC4A31900032F00B911AD /* yesTouchPlay.png in Resources */ = {isa = PBXBuildFile; fileRef = 8EDCC4851900032F00B911AD /* yesTouchPlay.png */; };
		8EDCC4A41900032F00B911AD /* yesTouchStop.png in Resources */ = {isa = PBXBuildFile; fileRef = 8EDCC4861900032F00B911AD /* yesTouchStop.png */; };
		8EDCC4A51900032F00B911AD /* button0.png in Resources */ = {isa = PBXBuildFile; fileRef = 8EDCC4871900032F00B911AD /* button0.png */; };
		8EDCC4A61900032F00B911AD /* button1.png in Resources */ = {isa = PBXBuildFile; fileRef = 8EDCC4881900032F00B911AD /* button1.png */; };
		8EDCC4A71900032F00B911AD /* button2.png in Resources */ = {isa = PBXBuildFile; fileRef = 8EDCC4891900032F00B911AD /* button2.png */; };
		8EDCC4A81900032F00B911AD /* button3.png in Resources */ = {isa = PBXBuildFile; fileRef = 8EDCC48A1900032F00B911AD /* button3.png */; };
		8EDCC4A91900032F00B911AD /* button4.png in Resources */ = {isa = PBXBuildFile; fileRef = 8EDCC48B1900032F00B911AD /* button4.png */; };
		8EDCC4AA1900032F00B911AD /* button5.png in Resources */ = {isa = PBXBuildFile; fileRef = 8EDCC48C1900032F00B911AD /* button5.png */; };
/* End PBXBuildFile section */

/* Begin PBXContainerItemProxy section */
		8EDCC44E1900020600B911AD /* PBXContainerItemProxy */ = {
			isa = PBXContainerItemProxy;
			containerPortal = 8EDCC41D1900020600B911AD /* Project object */;
			proxyType = 1;
			remoteGlobalIDString = 8EDCC4241900020600B911AD;
			remoteInfo = playerControllerUdp;
		};
/* End PBXContainerItemProxy section */

/* Begin PBXFileReference section */
		8EDCC4251900020600B911AD /* playerControllerUdp.app */ = {isa = PBXFileReference; explicitFileType = wrapper.application; includeInIndex = 0; path = playerControllerUdp.app; sourceTree = BUILT_PRODUCTS_DIR; };
		8EDCC4281900020600B911AD /* Foundation.framework */ = {isa = PBXFileReference; lastKnownFileType = wrapper.framework; name = Foundation.framework; path = System/Library/Frameworks/Foundation.framework; sourceTree = SDKROOT; };
		8EDCC42A1900020600B911AD /* CoreGraphics.framework */ = {isa = PBXFileReference; lastKnownFileType = wrapper.framework; name = CoreGraphics.framework; path = System/Library/Frameworks/CoreGraphics.framework; sourceTree = SDKROOT; };
		8EDCC42C1900020600B911AD /* UIKit.framework */ = {isa = PBXFileReference; lastKnownFileType = wrapper.framework; name = UIKit.framework; path = System/Library/Frameworks/UIKit.framework; sourceTree = SDKROOT; };
		8EDCC4301900020600B911AD /* playerControllerUdp-Info.plist */ = {isa = PBXFileReference; lastKnownFileType = text.plist.xml; path = "playerControllerUdp-Info.plist"; sourceTree = "<group>"; };
		8EDCC4321900020600B911AD /* en */ = {isa = PBXFileReference; lastKnownFileType = text.plist.strings; name = en; path = en.lproj/InfoPlist.strings; sourceTree = "<group>"; };
		8EDCC4341900020600B911AD /* main.m */ = {isa = PBXFileReference; lastKnownFileType = sourcecode.c.objc; path = main.m; sourceTree = "<group>"; };
		8EDCC4361900020600B911AD /* playerControllerUdp-Prefix.pch */ = {isa = PBXFileReference; lastKnownFileType = sourcecode.c.h; path = "playerControllerUdp-Prefix.pch"; sourceTree = "<group>"; };
		8EDCC4371900020600B911AD /* playerControllerUdpAppDelegate.h */ = {isa = PBXFileReference; lastKnownFileType = sourcecode.c.h; path = playerControllerUdpAppDelegate.h; sourceTree = "<group>"; };
		8EDCC4381900020600B911AD /* playerControllerUdpAppDelegate.m */ = {isa = PBXFileReference; lastKnownFileType = sourcecode.c.objc; path = playerControllerUdpAppDelegate.m; sourceTree = "<group>"; };
		8EDCC43B1900020600B911AD /* Base */ = {isa = PBXFileReference; lastKnownFileType = file.storyboard; name = Base; path = Base.lproj/Main_iPhone.storyboard; sourceTree = "<group>"; };
		8EDCC43E1900020600B911AD /* Base */ = {isa = PBXFileReference; lastKnownFileType = file.storyboard; name = Base; path = Base.lproj/Main_iPad.storyboard; sourceTree = "<group>"; };
		8EDCC4401900020600B911AD /* playerControllerUdpViewController.h */ = {isa = PBXFileReference; lastKnownFileType = sourcecode.c.h; path = playerControllerUdpViewController.h; sourceTree = "<group>"; };
		8EDCC4411900020600B911AD /* playerControllerUdpViewController.m */ = {isa = PBXFileReference; lastKnownFileType = sourcecode.c.objc; path = playerControllerUdpViewController.m; sourceTree = "<group>"; };
		8EDCC4431900020600B911AD /* Images.xcassets */ = {isa = PBXFileReference; lastKnownFileType = folder.assetcatalog; path = Images.xcassets; sourceTree = "<group>"; };
		8EDCC4491900020600B911AD /* playerControllerUdpTests.xctest */ = {isa = PBXFileReference; explicitFileType = wrapper.cfbundle; includeInIndex = 0; path = playerControllerUdpTests.xctest; sourceTree = BUILT_PRODUCTS_DIR; };
		8EDCC44A1900020600B911AD /* XCTest.framework */ = {isa = PBXFileReference; lastKnownFileType = wrapper.framework; name = XCTest.framework; path = Library/Frameworks/XCTest.framework; sourceTree = DEVELOPER_DIR; };
		8EDCC4521900020600B911AD /* playerControllerUdpTests-Info.plist */ = {isa = PBXFileReference; lastKnownFileType = text.plist.xml; path = "playerControllerUdpTests-Info.plist"; sourceTree = "<group>"; };
		8EDCC4541900020600B911AD /* en */ = {isa = PBXFileReference; lastKnownFileType = text.plist.strings; name = en; path = en.lproj/InfoPlist.strings; sourceTree = "<group>"; };
		8EDCC4561900020600B911AD /* playerControllerUdpTests.m */ = {isa = PBXFileReference; lastKnownFileType = sourcecode.c.objc; path = playerControllerUdpTests.m; sourceTree = "<group>"; };
		8EDCC4621900032F00B911AD /* DDAbstractDatabaseLogger.h */ = {isa = PBXFileReference; fileEncoding = 4; lastKnownFileType = sourcecode.c.h; path = DDAbstractDatabaseLogger.h; sourceTree = "<group>"; };
		8EDCC4631900032F00B911AD /* DDAbstractDatabaseLogger.m */ = {isa = PBXFileReference; fileEncoding = 4; lastKnownFileType = sourcecode.c.objc; path = DDAbstractDatabaseLogger.m; sourceTree = "<group>"; };
		8EDCC4641900032F00B911AD /* DDASLLogger.h */ = {isa = PBXFileReference; fileEncoding = 4; lastKnownFileType = sourcecode.c.h; path = DDASLLogger.h; sourceTree = "<group>"; };
		8EDCC4651900032F00B911AD /* DDASLLogger.m */ = {isa = PBXFileReference; fileEncoding = 4; lastKnownFileType = sourcecode.c.objc; path = DDASLLogger.m; sourceTree = "<group>"; };
		8EDCC4661900032F00B911AD /* DDFileLogger.h */ = {isa = PBXFileReference; fileEncoding = 4; lastKnownFileType = sourcecode.c.h; path = DDFileLogger.h; sourceTree = "<group>"; };
		8EDCC4671900032F00B911AD /* DDFileLogger.m */ = {isa = PBXFileReference; fileEncoding = 4; lastKnownFileType = sourcecode.c.objc; path = DDFileLogger.m; sourceTree = "<group>"; };
		8EDCC4681900032F00B911AD /* DDLog+LOGV.h */ = {isa = PBXFileReference; fileEncoding = 4; lastKnownFileType = sourcecode.c.h; path = "DDLog+LOGV.h"; sourceTree = "<group>"; };
		8EDCC4691900032F00B911AD /* DDLog.h */ = {isa = PBXFileReference; fileEncoding = 4; lastKnownFileType = sourcecode.c.h; path = DDLog.h; sourceTree = "<group>"; };
		8EDCC46A1900032F00B911AD /* DDLog.m */ = {isa = PBXFileReference; fileEncoding = 4; lastKnownFileType = sourcecode.c.objc; path = DDLog.m; sourceTree = "<group>"; };
		8EDCC46B1900032F00B911AD /* DDTTYLogger.h */ = {isa = PBXFileReference; fileEncoding = 4; lastKnownFileType = sourcecode.c.h; path = DDTTYLogger.h; sourceTree = "<group>"; };
		8EDCC46C1900032F00B911AD /* DDTTYLogger.m */ = {isa = PBXFileReference; fileEncoding = 4; lastKnownFileType = sourcecode.c.objc; path = DDTTYLogger.m; sourceTree = "<group>"; };
		8EDCC46E1900032F00B911AD /* DDContextFilterLogFormatter.h */ = {isa = PBXFileReference; fileEncoding = 4; lastKnownFileType = sourcecode.c.h; path = DDContextFilterLogFormatter.h; sourceTree = "<group>"; };
		8EDCC46F1900032F00B911AD /* DDContextFilterLogFormatter.m */ = {isa = PBXFileReference; fileEncoding = 4; lastKnownFileType = sourcecode.c.objc; path = DDContextFilterLogFormatter.m; sourceTree = "<group>"; };
		8EDCC4701900032F00B911AD /* DDDispatchQueueLogFormatter.h */ = {isa = PBXFileReference; fileEncoding = 4; lastKnownFileType = sourcecode.c.h; path = DDDispatchQueueLogFormatter.h; sourceTree = "<group>"; };
		8EDCC4711900032F00B911AD /* DDDispatchQueueLogFormatter.m */ = {isa = PBXFileReference; fileEncoding = 4; lastKnownFileType = sourcecode.c.objc; path = DDDispatchQueueLogFormatter.m; sourceTree = "<group>"; };
		8EDCC4721900032F00B911AD /* DDMultiFormatter.h */ = {isa = PBXFileReference; fileEncoding = 4; lastKnownFileType = sourcecode.c.h; path = DDMultiFormatter.h; sourceTree = "<group>"; };
		8EDCC4731900032F00B911AD /* DDMultiFormatter.m */ = {isa = PBXFileReference; fileEncoding = 4; lastKnownFileType = sourcecode.c.objc; path = DDMultiFormatter.m; sourceTree = "<group>"; };
		8EDCC4741900032F00B911AD /* README.txt */ = {isa = PBXFileReference; fileEncoding = 4; lastKnownFileType = text; path = README.txt; sourceTree = "<group>"; };
		8EDCC4751900032F00B911AD /* GCDAsyncUdpSocket.h */ = {isa = PBXFileReference; fileEncoding = 4; lastKnownFileType = sourcecode.c.h; path = GCDAsyncUdpSocket.h; sourceTree = "<group>"; };
		8EDCC4761900032F00B911AD /* GCDAsyncUdpSocket.m */ = {isa = PBXFileReference; fileEncoding = 4; lastKnownFileType = sourcecode.c.objc; path = GCDAsyncUdpSocket.m; sourceTree = "<group>"; };
		8EDCC4791900032F00B911AD /* bg1.png */ = {isa = PBXFileReference; lastKnownFileType = image.png; path = bg1.png; sourceTree = "<group>"; };
		8EDCC47A1900032F00B911AD /* bgIpad0.jpg */ = {isa = PBXFileReference; lastKnownFileType = image.jpeg; path = bgIpad0.jpg; sourceTree = "<group>"; };
		8EDCC47B1900032F00B911AD /* bgIpad1.jpg */ = {isa = PBXFileReference; lastKnownFileType = image.jpeg; path = bgIpad1.jpg; sourceTree = "<group>"; };
		8EDCC47C1900032F00B911AD /* icon.png */ = {isa = PBXFileReference; lastKnownFileType = image.png; path = icon.png; sourceTree = "<group>"; };
		8EDCC47D1900032F00B911AD /* noTouchAdd.png */ = {isa = PBXFileReference; lastKnownFileType = image.png; path = noTouchAdd.png; sourceTree = "<group>"; };
		8EDCC47E1900032F00B911AD /* noTouchMult.png */ = {isa = PBXFileReference; lastKnownFileType = image.png; path = noTouchMult.png; sourceTree = "<group>"; };
		8EDCC47F1900032F00B911AD /* noTouchMute.png */ = {isa = PBXFileReference; lastKnownFileType = image.png; path = noTouchMute.png; sourceTree = "<group>"; };
		8EDCC4801900032F00B911AD /* noTouchPlay.png */ = {isa = PBXFileReference; lastKnownFileType = image.png; path = noTouchPlay.png; sourceTree = "<group>"; };
		8EDCC4811900032F00B911AD /* noTouchStop.png */ = {isa = PBXFileReference; lastKnownFileType = image.png; path = noTouchStop.png; sourceTree = "<group>"; };
		8EDCC4821900032F00B911AD /* yesTouchAdd.png */ = {isa = PBXFileReference; lastKnownFileType = image.png; path = yesTouchAdd.png; sourceTree = "<group>"; };
		8EDCC4831900032F00B911AD /* yesTouchMult.png */ = {isa = PBXFileReference; lastKnownFileType = image.png; path = yesTouchMult.png; sourceTree = "<group>"; };
		8EDCC4841900032F00B911AD /* yesTouchMute.png */ = {isa = PBXFileReference; lastKnownFileType = image.png; path = yesTouchMute.png; sourceTree = "<group>"; };
		8EDCC4851900032F00B911AD /* yesTouchPlay.png */ = {isa = PBXFileReference; lastKnownFileType = image.png; path = yesTouchPlay.png; sourceTree = "<group>"; };
		8EDCC4861900032F00B911AD /* yesTouchStop.png */ = {isa = PBXFileReference; lastKnownFileType = image.png; path = yesTouchStop.png; sourceTree = "<group>"; };
		8EDCC4871900032F00B911AD /* button0.png */ = {isa = PBXFileReference; lastKnownFileType = image.png; path = button0.png; sourceTree = "<group>"; };
		8EDCC4881900032F00B911AD /* button1.png */ = {isa = PBXFileReference; lastKnownFileType = image.png; path = button1.png; sourceTree = "<group>"; };
		8EDCC4891900032F00B911AD /* button2.png */ = {isa = PBXFileReference; lastKnownFileType = image.png; path = button2.png; sourceTree = "<group>"; };
		8EDCC48A1900032F00B911AD /* button3.png */ = {isa = PBXFileReference; lastKnownFileType = image.png; path = button3.png; sourceTree = "<group>"; };
		8EDCC48B1900032F00B911AD /* button4.png */ = {isa = PBXFileReference; lastKnownFileType = image.png; path = button4.png; sourceTree = "<group>"; };
		8EDCC48C1900032F00B911AD /* button5.png */ = {isa = PBXFileReference; lastKnownFileType = image.png; path = button5.png; sourceTree = "<group>"; };
/* End PBXFileReference section */

/* Begin PBXFrameworksBuildPhase section */
		8EDCC4221900020600B911AD /* Frameworks */ = {
			isa = PBXFrameworksBuildPhase;
			buildActionMask = 2147483647;
			files = (
				8EDCC42B1900020600B911AD /* CoreGraphics.framework in Frameworks */,
				8EDCC42D1900020600B911AD /* UIKit.framework in Frameworks */,
				8EDCC4291900020600B911AD /* Foundation.framework in Frameworks */,
			);
			runOnlyForDeploymentPostprocessing = 0;
		};
		8EDCC4461900020600B911AD /* Frameworks */ = {
			isa = PBXFrameworksBuildPhase;
			buildActionMask = 2147483647;
			files = (
				8EDCC44B1900020600B911AD /* XCTest.framework in Frameworks */,
				8EDCC44D1900020600B911AD /* UIKit.framework in Frameworks */,
				8EDCC44C1900020600B911AD /* Foundation.framework in Frameworks */,
			);
			runOnlyForDeploymentPostprocessing = 0;
		};
/* End PBXFrameworksBuildPhase section */

/* Begin PBXGroup section */
		8EDCC41C1900020600B911AD = {
			isa = PBXGroup;
			children = (
				8EDCC4601900032F00B911AD /* udpBasedOn */,
				8EDCC4771900032F00B911AD /* images */,
				8EDCC42E1900020600B911AD /* playerControllerUdp */,
				8EDCC4501900020600B911AD /* playerControllerUdpTests */,
				8EDCC4271900020600B911AD /* Frameworks */,
				8EDCC4261900020600B911AD /* Products */,
			);
			sourceTree = "<group>";
		};
		8EDCC4261900020600B911AD /* Products */ = {
			isa = PBXGroup;
			children = (
				8EDCC4251900020600B911AD /* playerControllerUdp.app */,
				8EDCC4491900020600B911AD /* playerControllerUdpTests.xctest */,
			);
			name = Products;
			sourceTree = "<group>";
		};
		8EDCC4271900020600B911AD /* Frameworks */ = {
			isa = PBXGroup;
			children = (
				8EDCC4281900020600B911AD /* Foundation.framework */,
				8EDCC42A1900020600B911AD /* CoreGraphics.framework */,
				8EDCC42C1900020600B911AD /* UIKit.framework */,
				8EDCC44A1900020600B911AD /* XCTest.framework */,
			);
			name = Frameworks;
			sourceTree = "<group>";
		};
		8EDCC42E1900020600B911AD /* playerControllerUdp */ = {
			isa = PBXGroup;
			children = (
				8EDCC4371900020600B911AD /* playerControllerUdpAppDelegate.h */,
				8EDCC4381900020600B911AD /* playerControllerUdpAppDelegate.m */,
				8EDCC43A1900020600B911AD /* Main_iPhone.storyboard */,
				8EDCC43D1900020600B911AD /* Main_iPad.storyboard */,
				8EDCC4401900020600B911AD /* playerControllerUdpViewController.h */,
				8EDCC4411900020600B911AD /* playerControllerUdpViewController.m */,
				8EDCC4431900020600B911AD /* Images.xcassets */,
				8EDCC42F1900020600B911AD /* Supporting Files */,
			);
			path = playerControllerUdp;
			sourceTree = "<group>";
		};
		8EDCC42F1900020600B911AD /* Supporting Files */ = {
			isa = PBXGroup;
			children = (
				8EDCC4301900020600B911AD /* playerControllerUdp-Info.plist */,
				8EDCC4311900020600B911AD /* InfoPlist.strings */,
				8EDCC4341900020600B911AD /* main.m */,
				8EDCC4361900020600B911AD /* playerControllerUdp-Prefix.pch */,
			);
			name = "Supporting Files";
			sourceTree = "<group>";
		};
		8EDCC4501900020600B911AD /* playerControllerUdpTests */ = {
			isa = PBXGroup;
			children = (
				8EDCC4561900020600B911AD /* playerControllerUdpTests.m */,
				8EDCC4511900020600B911AD /* Supporting Files */,
			);
			path = playerControllerUdpTests;
			sourceTree = "<group>";
		};
		8EDCC4511900020600B911AD /* Supporting Files */ = {
			isa = PBXGroup;
			children = (
				8EDCC4521900020600B911AD /* playerControllerUdpTests-Info.plist */,
				8EDCC4531900020600B911AD /* InfoPlist.strings */,
			);
			name = "Supporting Files";
			sourceTree = "<group>";
		};
		8EDCC4601900032F00B911AD /* udpBasedOn */ = {
			isa = PBXGroup;
			children = (
				8EDCC4611900032F00B911AD /* CocoaLumberjack */,
				8EDCC4751900032F00B911AD /* GCDAsyncUdpSocket.h */,
				8EDCC4761900032F00B911AD /* GCDAsyncUdpSocket.m */,
			);
			path = udpBasedOn;
			sourceTree = "<group>";
		};
		8EDCC4611900032F00B911AD /* CocoaLumberjack */ = {
			isa = PBXGroup;
			children = (
				8EDCC4621900032F00B911AD /* DDAbstractDatabaseLogger.h */,
				8EDCC4631900032F00B911AD /* DDAbstractDatabaseLogger.m */,
				8EDCC4641900032F00B911AD /* DDASLLogger.h */,
				8EDCC4651900032F00B911AD /* DDASLLogger.m */,
				8EDCC4661900032F00B911AD /* DDFileLogger.h */,
				8EDCC4671900032F00B911AD /* DDFileLogger.m */,
				8EDCC4681900032F00B911AD /* DDLog+LOGV.h */,
				8EDCC4691900032F00B911AD /* DDLog.h */,
				8EDCC46A1900032F00B911AD /* DDLog.m */,
				8EDCC46B1900032F00B911AD /* DDTTYLogger.h */,
				8EDCC46C1900032F00B911AD /* DDTTYLogger.m */,
				8EDCC46D1900032F00B911AD /* Extensions */,
			);
			path = CocoaLumberjack;
			sourceTree = "<group>";
		};
		8EDCC46D1900032F00B911AD /* Extensions */ = {
			isa = PBXGroup;
			children = (
				8EDCC46E1900032F00B911AD /* DDContextFilterLogFormatter.h */,
				8EDCC46F1900032F00B911AD /* DDContextFilterLogFormatter.m */,
				8EDCC4701900032F00B911AD /* DDDispatchQueueLogFormatter.h */,
				8EDCC4711900032F00B911AD /* DDDispatchQueueLogFormatter.m */,
				8EDCC4721900032F00B911AD /* DDMultiFormatter.h */,
				8EDCC4731900032F00B911AD /* DDMultiFormatter.m */,
				8EDCC4741900032F00B911AD /* README.txt */,
			);
			path = Extensions;
			sourceTree = "<group>";
		};
		8EDCC4771900032F00B911AD /* images */ = {
			isa = PBXGroup;
			children = (
				8EDCC4781900032F00B911AD /* btnPics */,
				8EDCC4871900032F00B911AD /* button0.png */,
				8EDCC4881900032F00B911AD /* button1.png */,
				8EDCC4891900032F00B911AD /* button2.png */,
				8EDCC48A1900032F00B911AD /* button3.png */,
				8EDCC48B1900032F00B911AD /* button4.png */,
				8EDCC48C1900032F00B911AD /* button5.png */,
			);
			path = images;
			sourceTree = "<group>";
		};
		8EDCC4781900032F00B911AD /* btnPics */ = {
			isa = PBXGroup;
			children = (
				8EDCC4791900032F00B911AD /* bg1.png */,
				8EDCC47A1900032F00B911AD /* bgIpad0.jpg */,
				8EDCC47B1900032F00B911AD /* bgIpad1.jpg */,
				8EDCC47C1900032F00B911AD /* icon.png */,
				8EDCC47D1900032F00B911AD /* noTouchAdd.png */,
				8EDCC47E1900032F00B911AD /* noTouchMult.png */,
				8EDCC47F1900032F00B911AD /* noTouchMute.png */,
				8EDCC4801900032F00B911AD /* noTouchPlay.png */,
				8EDCC4811900032F00B911AD /* noTouchStop.png */,
				8EDCC4821900032F00B911AD /* yesTouchAdd.png */,
				8EDCC4831900032F00B911AD /* yesTouchMult.png */,
				8EDCC4841900032F00B911AD /* yesTouchMute.png */,
				8EDCC4851900032F00B911AD /* yesTouchPlay.png */,
				8EDCC4861900032F00B911AD /* yesTouchStop.png */,
			);
			path = btnPics;
			sourceTree = "<group>";
		};
/* End PBXGroup section */

/* Begin PBXNativeTarget section */
		8EDCC4241900020600B911AD /* playerControllerUdp */ = {
			isa = PBXNativeTarget;
			buildConfigurationList = 8EDCC45A1900020600B911AD /* Build configuration list for PBXNativeTarget "playerControllerUdp" */;
			buildPhases = (
				8EDCC4211900020600B911AD /* Sources */,
				8EDCC4221900020600B911AD /* Frameworks */,
				8EDCC4231900020600B911AD /* Resources */,
			);
			buildRules = (
			);
			dependencies = (
			);
			name = playerControllerUdp;
			productName = playerControllerUdp;
			productReference = 8EDCC4251900020600B911AD /* playerControllerUdp.app */;
			productType = "com.apple.product-type.application";
		};
		8EDCC4481900020600B911AD /* playerControllerUdpTests */ = {
			isa = PBXNativeTarget;
			buildConfigurationList = 8EDCC45D1900020600B911AD /* Build configuration list for PBXNativeTarget "playerControllerUdpTests" */;
			buildPhases = (
				8EDCC4451900020600B911AD /* Sources */,
				8EDCC4461900020600B911AD /* Frameworks */,
				8EDCC4471900020600B911AD /* Resources */,
			);
			buildRules = (
			);
			dependencies = (
				8EDCC44F1900020600B911AD /* PBXTargetDependency */,
			);
			name = playerControllerUdpTests;
			productName = playerControllerUdpTests;
			productReference = 8EDCC4491900020600B911AD /* playerControllerUdpTests.xctest */;
			productType = "com.apple.product-type.bundle.unit-test";
		};
/* End PBXNativeTarget section */

/* Begin PBXProject section */
		8EDCC41D1900020600B911AD /* Project object */ = {
			isa = PBXProject;
			attributes = {
				CLASSPREFIX = playerControllerUdp;
				LastUpgradeCheck = 0510;
				ORGANIZATIONNAME = "___FULLUSERNAME___";
				TargetAttributes = {
					8EDCC4481900020600B911AD = {
						TestTargetID = 8EDCC4241900020600B911AD;
					};
				};
			};
			buildConfigurationList = 8EDCC4201900020600B911AD /* Build configuration list for PBXProject "playerControllerUdp" */;
			compatibilityVersion = "Xcode 3.2";
			developmentRegion = English;
			hasScannedForEncodings = 0;
			knownRegions = (
				en,
				Base,
			);
			mainGroup = 8EDCC41C1900020600B911AD;
			productRefGroup = 8EDCC4261900020600B911AD /* Products */;
			projectDirPath = "";
			projectRoot = "";
			targets = (
				8EDCC4241900020600B911AD /* playerControllerUdp */,
				8EDCC4481900020600B911AD /* playerControllerUdpTests */,
			);
		};
/* End PBXProject section */

/* Begin PBXResourcesBuildPhase section */
		8EDCC4231900020600B911AD /* Resources */ = {
			isa = PBXResourcesBuildPhase;
			buildActionMask = 2147483647;
			files = (
				8EDCC4A71900032F00B911AD /* button2.png in Resources */,
				8EDCC4A81900032F00B911AD /* button3.png in Resources */,
				8EDCC4971900032F00B911AD /* bg1.png in Resources */,
				8EDCC4A01900032F00B911AD /* yesTouchAdd.png in Resources */,
				8EDCC43F1900020600B911AD /* Main_iPad.storyboard in Resources */,
				8EDCC49A1900032F00B911AD /* icon.png in Resources */,
				8EDCC4991900032F00B911AD /* bgIpad1.jpg in Resources */,
				8EDCC49B1900032F00B911AD /* noTouchAdd.png in Resources */,
				8EDCC49D1900032F00B911AD /* noTouchMute.png in Resources */,
				8EDCC4441900020600B911AD /* Images.xcassets in Resources */,
				8EDCC49C1900032F00B911AD /* noTouchMult.png in Resources */,
				8EDCC4A11900032F00B911AD /* yesTouchMult.png in Resources */,
				8EDCC49F1900032F00B911AD /* noTouchStop.png in Resources */,
				8EDCC4A41900032F00B911AD /* yesTouchStop.png in Resources */,
				8EDCC4AA1900032F00B911AD /* button5.png in Resources */,
				8EDCC4A91900032F00B911AD /* button4.png in Resources */,
				8EDCC4A21900032F00B911AD /* yesTouchMute.png in Resources */,
				8EDCC4981900032F00B911AD /* bgIpad0.jpg in Resources */,
				8EDCC4A51900032F00B911AD /* button0.png in Resources */,
				8EDCC49E1900032F00B911AD /* noTouchPlay.png in Resources */,
				8EDCC43C1900020600B911AD /* Main_iPhone.storyboard in Resources */,
				8EDCC4A61900032F00B911AD /* button1.png in Resources */,
				8EDCC4A31900032F00B911AD /* yesTouchPlay.png in Resources */,
				8EDCC4331900020600B911AD /* InfoPlist.strings in Resources */,
				8EDCC4951900032F00B911AD /* README.txt in Resources */,
			);
			runOnlyForDeploymentPostprocessing = 0;
		};
		8EDCC4471900020600B911AD /* Resources */ = {
			isa = PBXResourcesBuildPhase;
			buildActionMask = 2147483647;
			files = (
				8EDCC4551900020600B911AD /* InfoPlist.strings in Resources */,
			);
			runOnlyForDeploymentPostprocessing = 0;
		};
/* End PBXResourcesBuildPhase section */

/* Begin PBXSourcesBuildPhase section */
		8EDCC4211900020600B911AD /* Sources */ = {
			isa = PBXSourcesBuildPhase;
			buildActionMask = 2147483647;
			files = (
				8EDCC4901900032F00B911AD /* DDLog.m in Sources */,
				8EDCC4911900032F00B911AD /* DDTTYLogger.m in Sources */,
				8EDCC4421900020600B911AD /* playerControllerUdpViewController.m in Sources */,
				8EDCC4921900032F00B911AD /* DDContextFilterLogFormatter.m in Sources */,
				8EDCC4961900032F00B911AD /* GCDAsyncUdpSocket.m in Sources */,
				8EDCC48F1900032F00B911AD /* DDFileLogger.m in Sources */,
				8EDCC4391900020600B911AD /* playerControllerUdpAppDelegate.m in Sources */,
				8EDCC48D1900032F00B911AD /* DDAbstractDatabaseLogger.m in Sources */,
				8EDCC4941900032F00B911AD /* DDMultiFormatter.m in Sources */,
				8EDCC4931900032F00B911AD /* DDDispatchQueueLogFormatter.m in Sources */,
				8EDCC4351900020600B911AD /* main.m in Sources */,
				8EDCC48E1900032F00B911AD /* DDASLLogger.m in Sources */,
			);
			runOnlyForDeploymentPostprocessing = 0;
		};
		8EDCC4451900020600B911AD /* Sources */ = {
			isa = PBXSourcesBuildPhase;
			buildActionMask = 2147483647;
			files = (
				8EDCC4571900020600B911AD /* playerControllerUdpTests.m in Sources */,
			);
			runOnlyForDeploymentPostprocessing = 0;
		};
/* End PBXSourcesBuildPhase section */

/* Begin PBXTargetDependency section */
		8EDCC44F1900020600B911AD /* PBXTargetDependency */ = {
			isa = PBXTargetDependency;
			target = 8EDCC4241900020600B911AD /* playerControllerUdp */;
			targetProxy = 8EDCC44E1900020600B911AD /* PBXContainerItemProxy */;
		};
/* End PBXTargetDependency section */

/* Begin PBXVariantGroup section */
		8EDCC4311900020600B911AD /* InfoPlist.strings */ = {
			isa = PBXVariantGroup;
			children = (
				8EDCC4321900020600B911AD /* en */,
			);
			name = InfoPlist.strings;
			sourceTree = "<group>";
		};
		8EDCC43A1900020600B911AD /* Main_iPhone.storyboard */ = {
			isa = PBXVariantGroup;
			children = (
				8EDCC43B1900020600B911AD /* Base */,
			);
			name = Main_iPhone.storyboard;
			sourceTree = "<group>";
		};
		8EDCC43D1900020600B911AD /* Main_iPad.storyboard */ = {
			isa = PBXVariantGroup;
			children = (
				8EDCC43E1900020600B911AD /* Base */,
			);
			name = Main_iPad.storyboard;
			sourceTree = "<group>";
		};
		8EDCC4531900020600B911AD /* InfoPlist.strings */ = {
			isa = PBXVariantGroup;
			children = (
				8EDCC4541900020600B911AD /* en */,
			);
			name = InfoPlist.strings;
			sourceTree = "<group>";
		};
/* End PBXVariantGroup section */

/* Begin XCBuildConfiguration section */
		8EDCC4581900020600B911AD /* Debug */ = {
			isa = XCBuildConfiguration;
			buildSettings = {
				ALWAYS_SEARCH_USER_PATHS = NO;
				CLANG_CXX_LANGUAGE_STANDARD = "gnu++0x";
				CLANG_CXX_LIBRARY = "libc++";
				CLANG_ENABLE_MODULES = YES;
				CLANG_ENABLE_OBJC_ARC = YES;
				CLANG_WARN_BOOL_CONVERSION = YES;
				CLANG_WARN_CONSTANT_CONVERSION = YES;
				CLANG_WARN_DIRECT_OBJC_ISA_USAGE = YES_ERROR;
				CLANG_WARN_EMPTY_BODY = YES;
				CLANG_WARN_ENUM_CONVERSION = YES;
				CLANG_WARN_INT_CONVERSION = YES;
				CLANG_WARN_OBJC_ROOT_CLASS = YES_ERROR;
				CLANG_WARN__DUPLICATE_METHOD_MATCH = YES;
				"CODE_SIGN_IDENTITY[sdk=iphoneos*]" = "iPhone Developer";
				COPY_PHASE_STRIP = NO;
				GCC_C_LANGUAGE_STANDARD = gnu99;
				GCC_DYNAMIC_NO_PIC = NO;
				GCC_OPTIMIZATION_LEVEL = 0;
				GCC_PREPROCESSOR_DEFINITIONS = (
					"DEBUG=1",
					"$(inherited)",
				);
				GCC_SYMBOLS_PRIVATE_EXTERN = NO;
				GCC_WARN_64_TO_32_BIT_CONVERSION = YES;
				GCC_WARN_ABOUT_RETURN_TYPE = YES_ERROR;
				GCC_WARN_UNDECLARED_SELECTOR = YES;
				GCC_WARN_UNINITIALIZED_AUTOS = YES_AGGRESSIVE;
				GCC_WARN_UNUSED_FUNCTION = YES;
				GCC_WARN_UNUSED_VARIABLE = YES;
				IPHONEOS_DEPLOYMENT_TARGET = 7.1;
				ONLY_ACTIVE_ARCH = YES;
				SDKROOT = iphoneos;
				TARGETED_DEVICE_FAMILY = "1,2";
			};
			name = Debug;
		};
		8EDCC4591900020600B911AD /* Release */ = {
			isa = XCBuildConfiguration;
			buildSettings = {
				ALWAYS_SEARCH_USER_PATHS = NO;
				CLANG_CXX_LANGUAGE_STANDARD = "gnu++0x";
				CLANG_CXX_LIBRARY = "libc++";
				CLANG_ENABLE_MODULES = YES;
				CLANG_ENABLE_OBJC_ARC = YES;
				CLANG_WARN_BOOL_CONVERSION = YES;
				CLANG_WARN_CONSTANT_CONVERSION = YES;
				CLANG_WARN_DIRECT_OBJC_ISA_USAGE = YES_ERROR;
				CLANG_WARN_EMPTY_BODY = YES;
				CLANG_WARN_ENUM_CONVERSION = YES;
				CLANG_WARN_INT_CONVERSION = YES;
				CLANG_WARN_OBJC_ROOT_CLASS = YES_ERROR;
				CLANG_WARN__DUPLICATE_METHOD_MATCH = YES;
				"CODE_SIGN_IDENTITY[sdk=iphoneos*]" = "iPhone Developer";
				COPY_PHASE_STRIP = YES;
				ENABLE_NS_ASSERTIONS = NO;
				GCC_C_LANGUAGE_STANDARD = gnu99;
				GCC_WARN_64_TO_32_BIT_CONVERSION = YES;
				GCC_WARN_ABOUT_RETURN_TYPE = YES_ERROR;
				GCC_WARN_UNDECLARED_SELECTOR = YES;
				GCC_WARN_UNINITIALIZED_AUTOS = YES_AGGRESSIVE;
				GCC_WARN_UNUSED_FUNCTION = YES;
				GCC_WARN_UNUSED_VARIABLE = YES;
				IPHONEOS_DEPLOYMENT_TARGET = 7.1;
				SDKROOT = iphoneos;
				TARGETED_DEVICE_FAMILY = "1,2";
				VALIDATE_PRODUCT = YES;
			};
			name = Release;
		};
		8EDCC45B1900020600B911AD /* Debug */ = {
			isa = XCBuildConfiguration;
			buildSettings = {
				ASSETCATALOG_COMPILER_APPICON_NAME = AppIcon;
				ASSETCATALOG_COMPILER_LAUNCHIMAGE_NAME = LaunchImage;
				GCC_PRECOMPILE_PREFIX_HEADER = YES;
				GCC_PREFIX_HEADER = "playerControllerUdp/playerControllerUdp-Prefix.pch";
				INFOPLIST_FILE = "playerControllerUdp/playerControllerUdp-Info.plist";
				PRODUCT_NAME = "$(TARGET_NAME)";
				WRAPPER_EXTENSION = app;
			};
			name = Debug;
		};
		8EDCC45C1900020600B911AD /* Release */ = {
			isa = XCBuildConfiguration;
			buildSettings = {
				ASSETCATALOG_COMPILER_APPICON_NAME = AppIcon;
				ASSETCATALOG_COMPILER_LAUNCHIMAGE_NAME = LaunchImage;
				GCC_PRECOMPILE_PREFIX_HEADER = YES;
				GCC_PREFIX_HEADER = "playerControllerUdp/playerControllerUdp-Prefix.pch";
				INFOPLIST_FILE = "playerControllerUdp/playerControllerUdp-Info.plist";
				PRODUCT_NAME = "$(TARGET_NAME)";
				WRAPPER_EXTENSION = app;
			};
			name = Release;
		};
		8EDCC45E1900020600B911AD /* Debug */ = {
			isa = XCBuildConfiguration;
			buildSettings = {
				BUNDLE_LOADER = "$(BUILT_PRODUCTS_DIR)/playerControllerUdp.app/playerControllerUdp";
				FRAMEWORK_SEARCH_PATHS = (
					"$(SDKROOT)/Developer/Library/Frameworks",
					"$(inherited)",
					"$(DEVELOPER_FRAMEWORKS_DIR)",
				);
				GCC_PRECOMPILE_PREFIX_HEADER = YES;
				GCC_PREFIX_HEADER = "playerControllerUdp/playerControllerUdp-Prefix.pch";
				GCC_PREPROCESSOR_DEFINITIONS = (
					"DEBUG=1",
					"$(inherited)",
				);
				INFOPLIST_FILE = "playerControllerUdpTests/playerControllerUdpTests-Info.plist";
				PRODUCT_NAME = "$(TARGET_NAME)";
				TEST_HOST = "$(BUNDLE_LOADER)";
				WRAPPER_EXTENSION = xctest;
			};
			name = Debug;
		};
		8EDCC45F1900020600B911AD /* Release */ = {
			isa = XCBuildConfiguration;
			buildSettings = {
				BUNDLE_LOADER = "$(BUILT_PRODUCTS_DIR)/playerControllerUdp.app/playerControllerUdp";
				FRAMEWORK_SEARCH_PATHS = (
					"$(SDKROOT)/Developer/Library/Frameworks",
					"$(inherited)",
					"$(DEVELOPER_FRAMEWORKS_DIR)",
				);
				GCC_PRECOMPILE_PREFIX_HEADER = YES;
				GCC_PREFIX_HEADER = "playerControllerUdp/playerControllerUdp-Prefix.pch";
				INFOPLIST_FILE = "playerControllerUdpTests/playerControllerUdpTests-Info.plist";
				PRODUCT_NAME = "$(TARGET_NAME)";
				TEST_HOST = "$(BUNDLE_LOADER)";
				WRAPPER_EXTENSION = xctest;
			};
			name = Release;
		};
/* End XCBuildConfiguration section */

/* Begin XCConfigurationList section */
		8EDCC4201900020600B911AD /* Build configuration list for PBXProject "playerControllerUdp" */ = {
			isa = XCConfigurationList;
			buildConfigurations = (
				8EDCC4581900020600B911AD /* Debug */,
				8EDCC4591900020600B911AD /* Release */,
			);
			defaultConfigurationIsVisible = 0;
			defaultConfigurationName = Release;
		};
		8EDCC45A1900020600B911AD /* Build configuration list for PBXNativeTarget "playerControllerUdp" */ = {
			isa = XCConfigurationList;
			buildConfigurations = (
				8EDCC45B1900020600B911AD /* Debug */,
				8EDCC45C1900020600B911AD /* Release */,
			);
			defaultConfigurationIsVisible = 0;
		};
		8EDCC45D1900020600B911AD /* Build configuration list for PBXNativeTarget "playerControllerUdpTests" */ = {
			isa = XCConfigurationList;
			buildConfigurations = (
				8EDCC45E1900020600B911AD /* Debug */,
				8EDCC45F1900020600B911AD /* Release */,
			);
			defaultConfigurationIsVisible = 0;
		};
/* End XCConfigurationList section */
	};
	rootObject = 8EDCC41D1900020600B911AD /* Project object */;
}
